
Microsoft Visual Studio Solution File, Format Version 12.00
# Visual Studio Version 16
VisualStudioVersion = 16.0.29215.179
MinimumVisualStudioVersion = 10.0.40219.1
Project("{9A19103F-16F7-4668-BE54-9A1E7A4F7556}") = "YMParseWeb", "YMParseWeb\YMParseWeb.csproj", "{97D82B28-E12C-42BA-B641-880A00D227F2}"
EndProject
Project("{FAE04EC0-301F-11D3-BF4B-00C04F79EFBC}") = "Services", "Services\Services.csproj", "{1237A321-480A-4355-921D-F54086E70B9B}"
EndProject
Project("{2150E333-8FDC-42A3-9474-1A3956D46DE8}") = "Solution Items", "Solution Items", "{2685FD99-7C4F-40CB-95A7-5E1235537D5C}"
	ProjectSection(SolutionItems) = preProject
		README.txt = README.txt
	EndProjectSection
EndProject
Global
	GlobalSection(SolutionConfigurationPlatforms) = preSolution
		Debug|Any CPU = Debug|Any CPU
		Release|Any CPU = Release|Any CPU
	EndGlobalSection
	GlobalSection(ProjectConfigurationPlatforms) = postSolution
		{97D82B28-E12C-42BA-B641-880A00D227F2}.Debug|Any CPU.ActiveCfg = Debug|Any CPU
		{97D82B28-E12C-42BA-B641-880A00D227F2}.Debug|Any CPU.Build.0 = Debug|Any CPU
		{97D82B28-E12C-42BA-B641-880A00D227F2}.Release|Any CPU.ActiveCfg = Release|Any CPU
		{97D82B28-E12C-42BA-B641-880A00D227F2}.Release|Any CPU.Build.0 = Release|Any CPU
		{1237A321-480A-4355-921D-F54086E70B9B}.Debug|Any CPU.ActiveCfg = Debug|Any CPU
		{1237A321-480A-4355-921D-F54086E70B9B}.Debug|Any CPU.Build.0 = Debug|Any CPU
		{1237A321-480A-4355-921D-F54086E70B9B}.Release|Any CPU.ActiveCfg = Release|Any CPU
		{1237A321-480A-4355-921D-F54086E70B9B}.Release|Any CPU.Build.0 = Release|Any CPU
	EndGlobalSection
	GlobalSection(SolutionProperties) = preSolution
		HideSolutionNode = FALSE
	EndGlobalSection
	GlobalSection(ExtensibilityGlobals) = postSolution
		SolutionGuid = {1A2CCB31-CF0E-4C6B-B780-8F1B7A293EE5}
	EndGlobalSection
EndGlobal
